
Microsoft Visual Studio Solution File, Format Version 12.00
# Visual Studio Version 17
VisualStudioVersion = 17.2.32630.192
MinimumVisualStudioVersion = 10.0.40219.1
Project("{FAE04EC0-301F-11D3-BF4B-00C04F79EFBC}") = "E-Commerce.UI", "E-Commerce.UI\E-Commerce.UI.csproj", "{0677C91E-9A4B-4A43-A7B6-3DDA2784C9F6}"
EndProject
Project("{FAE04EC0-301F-11D3-BF4B-00C04F79EFBC}") = "E-Commerce.Core", "E-Commerce.Core\E-Commerce.Core.csproj", "{F36F4C47-BCC9-4BD1-BC9B-F3945A60D2DE}"
EndProject
Project("{FAE04EC0-301F-11D3-BF4B-00C04F79EFBC}") = "E-Commerce.DataAccess", "E-Commerce.DataAccess\E-Commerce.DataAccess.csproj", "{BA734175-C3A6-421C-9268-A35B00D159C4}"
EndProject
Project("{FAE04EC0-301F-11D3-BF4B-00C04F79EFBC}") = "E-Commerce.Business", "E-Commerce.Business\E-Commerce.Business.csproj", "{4F68FEFE-BB21-4117-B626-EBCD0665ADBE}"
EndProject
Project("{FAE04EC0-301F-11D3-BF4B-00C04F79EFBC}") = "E-Commerce.Entity", "E-Commerce.Entity\E-Commerce.Entity.csproj", "{FDF15832-ECB6-4DA7-9236-02E465BBE27C}"
EndProject
Global
	GlobalSection(SolutionConfigurationPlatforms) = preSolution
		Debug|Any CPU = Debug|Any CPU
		Release|Any CPU = Release|Any CPU
	EndGlobalSection
	GlobalSection(ProjectConfigurationPlatforms) = postSolution
		{0677C91E-9A4B-4A43-A7B6-3DDA2784C9F6}.Debug|Any CPU.ActiveCfg = Debug|Any CPU
		{0677C91E-9A4B-4A43-A7B6-3DDA2784C9F6}.Debug|Any CPU.Build.0 = Debug|Any CPU
		{0677C91E-9A4B-4A43-A7B6-3DDA2784C9F6}.Release|Any CPU.ActiveCfg = Release|Any CPU
		{0677C91E-9A4B-4A43-A7B6-3DDA2784C9F6}.Release|Any CPU.Build.0 = Release|Any CPU
		{F36F4C47-BCC9-4BD1-BC9B-F3945A60D2DE}.Debug|Any CPU.ActiveCfg = Debug|Any CPU
		{F36F4C47-BCC9-4BD1-BC9B-F3945A60D2DE}.Debug|Any CPU.Build.0 = Debug|Any CPU
		{F36F4C47-BCC9-4BD1-BC9B-F3945A60D2DE}.Release|Any CPU.ActiveCfg = Release|Any CPU
		{F36F4C47-BCC9-4BD1-BC9B-F3945A60D2DE}.Release|Any CPU.Build.0 = Release|Any CPU
		{BA734175-C3A6-421C-9268-A35B00D159C4}.Debug|Any CPU.ActiveCfg = Debug|Any CPU
		{BA734175-C3A6-421C-9268-A35B00D159C4}.Debug|Any CPU.Build.0 = Debug|Any CPU
		{BA734175-C3A6-421C-9268-A35B00D159C4}.Release|Any CPU.ActiveCfg = Release|Any CPU
		{BA734175-C3A6-421C-9268-A35B00D159C4}.Release|Any CPU.Build.0 = Release|Any CPU
		{4F68FEFE-BB21-4117-B626-EBCD0665ADBE}.Debug|Any CPU.ActiveCfg = Debug|Any CPU
		{4F68FEFE-BB21-4117-B626-EBCD0665ADBE}.Debug|Any CPU.Build.0 = Debug|Any CPU
		{4F68FEFE-BB21-4117-B626-EBCD0665ADBE}.Release|Any CPU.ActiveCfg = Release|Any CPU
		{4F68FEFE-BB21-4117-B626-EBCD0665ADBE}.Release|Any CPU.Build.0 = Release|Any CPU
		{FDF15832-ECB6-4DA7-9236-02E465BBE27C}.Debug|Any CPU.ActiveCfg = Debug|Any CPU
		{FDF15832-ECB6-4DA7-9236-02E465BBE27C}.Debug|Any CPU.Build.0 = Debug|Any CPU
		{FDF15832-ECB6-4DA7-9236-02E465BBE27C}.Release|Any CPU.ActiveCfg = Release|Any CPU
		{FDF15832-ECB6-4DA7-9236-02E465BBE27C}.Release|Any CPU.Build.0 = Release|Any CPU
	EndGlobalSection
	GlobalSection(SolutionProperties) = preSolution
		HideSolutionNode = FALSE
	EndGlobalSection
	GlobalSection(ExtensibilityGlobals) = postSolution
		SolutionGuid = {CC640AFC-4D64-4DE6-A774-75026BA3F7C2}
	EndGlobalSection
EndGlobal
